// !$*UTF8*$!
{
	archiveVersion = 1;
	classes = {
	};
	objectVersion = 46;
	objects = {

/* Begin PBXBuildFile section */
		7AE88A4916FCF68F00389697 /* UIKit.framework in Frameworks */ = {isa = PBXBuildFile; fileRef = 7AE88A4816FCF68F00389697 /* UIKit.framework */; };
		7AE88A4B16FCF68F00389697 /* Foundation.framework in Frameworks */ = {isa = PBXBuildFile; fileRef = 7AE88A4A16FCF68F00389697 /* Foundation.framework */; };
		7AE88A4D16FCF68F00389697 /* CoreGraphics.framework in Frameworks */ = {isa = PBXBuildFile; fileRef = 7AE88A4C16FCF68F00389697 /* CoreGraphics.framework */; };
		7AE88A5316FCF68F00389697 /* InfoPlist.strings in Resources */ = {isa = PBXBuildFile; fileRef = 7AE88A5116FCF68F00389697 /* InfoPlist.strings */; };
		7AE88A5516FCF68F00389697 /* main.m in Sources */ = {isa = PBXBuildFile; fileRef = 7AE88A5416FCF68F00389697 /* main.m */; };
		7AE88A5916FCF68F00389697 /* KSTAppDelegate.m in Sources */ = {isa = PBXBuildFile; fileRef = 7AE88A5816FCF68F00389697 /* KSTAppDelegate.m */; };
		7AE88A5B16FCF68F00389697 /* Default.png in Resources */ = {isa = PBXBuildFile; fileRef = 7AE88A5A16FCF68F00389697 /* Default.png */; };
		7AE88A5D16FCF68F00389697 /* Default@2x.png in Resources */ = {isa = PBXBuildFile; fileRef = 7AE88A5C16FCF68F00389697 /* Default@2x.png */; };
		7AE88A5F16FCF68F00389697 /* Default-568h@2x.png in Resources */ = {isa = PBXBuildFile; fileRef = 7AE88A5E16FCF68F00389697 /* Default-568h@2x.png */; };
		7AE88A6216FCF68F00389697 /* KSTViewController.m in Sources */ = {isa = PBXBuildFile; fileRef = 7AE88A6116FCF68F00389697 /* KSTViewController.m */; };
		7AE88A6516FCF68F00389697 /* KSTViewController_iPhone.xib in Resources */ = {isa = PBXBuildFile; fileRef = 7AE88A6316FCF68F00389697 /* KSTViewController_iPhone.xib */; };
		7AE88A6816FCF68F00389697 /* KSTViewController_iPad.xib in Resources */ = {isa = PBXBuildFile; fileRef = 7AE88A6616FCF68F00389697 /* KSTViewController_iPad.xib */; };
		7AE88A6F16FCF75800389697 /* CoreBluetooth.framework in Frameworks */ = {isa = PBXBuildFile; fileRef = 7AE88A6E16FCF75800389697 /* CoreBluetooth.framework */; };
		7AE88A7416FD147200389697 /* CoreTelephony.framework in Frameworks */ = {isa = PBXBuildFile; fileRef = 7AE88A7316FD147200389697 /* CoreTelephony.framework */; };
/* End PBXBuildFile section */

/* Begin PBXFileReference section */
		7AE88A4516FCF68F00389697 /* ClassProject.app */ = {isa = PBXFileReference; explicitFileType = wrapper.application; includeInIndex = 0; path = ClassProject.app; sourceTree = BUILT_PRODUCTS_DIR; };
		7AE88A4816FCF68F00389697 /* UIKit.framework */ = {isa = PBXFileReference; lastKnownFileType = wrapper.framework; name = UIKit.framework; path = System/Library/Frameworks/UIKit.framework; sourceTree = SDKROOT; };
		7AE88A4A16FCF68F00389697 /* Foundation.framework */ = {isa = PBXFileReference; lastKnownFileType = wrapper.framework; name = Foundation.framework; path = System/Library/Frameworks/Foundation.framework; sourceTree = SDKROOT; };
		7AE88A4C16FCF68F00389697 /* CoreGraphics.framework */ = {isa = PBXFileReference; lastKnownFileType = wrapper.framework; name = CoreGraphics.framework; path = System/Library/Frameworks/CoreGraphics.framework; sourceTree = SDKROOT; };
		7AE88A5016FCF68F00389697 /* ClassProject-Info.plist */ = {isa = PBXFileReference; lastKnownFileType = text.plist.xml; path = "ClassProject-Info.plist"; sourceTree = "<group>"; };
		7AE88A5216FCF68F00389697 /* en */ = {isa = PBXFileReference; lastKnownFileType = text.plist.strings; name = en; path = en.lproj/InfoPlist.strings; sourceTree = "<group>"; };
		7AE88A5416FCF68F00389697 /* main.m */ = {isa = PBXFileReference; lastKnownFileType = sourcecode.c.objc; path = main.m; sourceTree = "<group>"; };
		7AE88A5616FCF68F00389697 /* ClassProject-Prefix.pch */ = {isa = PBXFileReference; lastKnownFileType = sourcecode.c.h; path = "ClassProject-Prefix.pch"; sourceTree = "<group>"; };
		7AE88A5716FCF68F00389697 /* KSTAppDelegate.h */ = {isa = PBXFileReference; lastKnownFileType = sourcecode.c.h; path = KSTAppDelegate.h; sourceTree = "<group>"; };
		7AE88A5816FCF68F00389697 /* KSTAppDelegate.m */ = {isa = PBXFileReference; lastKnownFileType = sourcecode.c.objc; path = KSTAppDelegate.m; sourceTree = "<group>"; };
		7AE88A5A16FCF68F00389697 /* Default.png */ = {isa = PBXFileReference; lastKnownFileType = image.png; path = Default.png; sourceTree = "<group>"; };
		7AE88A5C16FCF68F00389697 /* Default@2x.png */ = {isa = PBXFileReference; lastKnownFileType = image.png; path = "Default@2x.png"; sourceTree = "<group>"; };
		7AE88A5E16FCF68F00389697 /* Default-568h@2x.png */ = {isa = PBXFileReference; lastKnownFileType = image.png; path = "Default-568h@2x.png"; sourceTree = "<group>"; };
		7AE88A6016FCF68F00389697 /* KSTViewController.h */ = {isa = PBXFileReference; lastKnownFileType = sourcecode.c.h; path = KSTViewController.h; sourceTree = "<group>"; };
		7AE88A6116FCF68F00389697 /* KSTViewController.m */ = {isa = PBXFileReference; lastKnownFileType = sourcecode.c.objc; path = KSTViewController.m; sourceTree = "<group>"; };
		7AE88A6416FCF68F00389697 /* en */ = {isa = PBXFileReference; lastKnownFileType = file.xib; name = en; path = en.lproj/KSTViewController_iPhone.xib; sourceTree = "<group>"; };
		7AE88A6716FCF68F00389697 /* en */ = {isa = PBXFileReference; lastKnownFileType = file.xib; name = en; path = en.lproj/KSTViewController_iPad.xib; sourceTree = "<group>"; };
		7AE88A6E16FCF75800389697 /* CoreBluetooth.framework */ = {isa = PBXFileReference; lastKnownFileType = wrapper.framework; name = CoreBluetooth.framework; path = System/Library/Frameworks/CoreBluetooth.framework; sourceTree = SDKROOT; };
		7AE88A7316FD147200389697 /* CoreTelephony.framework */ = {isa = PBXFileReference; lastKnownFileType = wrapper.framework; name = CoreTelephony.framework; path = System/Library/Frameworks/CoreTelephony.framework; sourceTree = SDKROOT; };
/* End PBXFileReference section */

/* Begin PBXFrameworksBuildPhase section */
		7AE88A4216FCF68F00389697 /* Frameworks */ = {
			isa = PBXFrameworksBuildPhase;
			buildActionMask = 2147483647;
			files = (
				7AE88A7416FD147200389697 /* CoreTelephony.framework in Frameworks */,
				7AE88A6F16FCF75800389697 /* CoreBluetooth.framework in Frameworks */,
				7AE88A4916FCF68F00389697 /* UIKit.framework in Frameworks */,
				7AE88A4B16FCF68F00389697 /* Foundation.framework in Frameworks */,
				7AE88A4D16FCF68F00389697 /* CoreGraphics.framework in Frameworks */,
			);
			runOnlyForDeploymentPostprocessing = 0;
		};
/* End PBXFrameworksBuildPhase section */

/* Begin PBXGroup section */
		7AE88A3C16FCF68F00389697 = {
			isa = PBXGroup;
			children = (
				7AE88A4E16FCF68F00389697 /* ClassProject */,
				7AE88A4716FCF68F00389697 /* Frameworks */,
				7AE88A4616FCF68F00389697 /* Products */,
			);
			sourceTree = "<group>";
		};
		7AE88A4616FCF68F00389697 /* Products */ = {
			isa = PBXGroup;
			children = (
				7AE88A4516FCF68F00389697 /* ClassProject.app */,
			);
			name = Products;
			sourceTree = "<group>";
		};
		7AE88A4716FCF68F00389697 /* Frameworks */ = {
			isa = PBXGroup;
			children = (
				7AE88A7316FD147200389697 /* CoreTelephony.framework */,
				7AE88A6E16FCF75800389697 /* CoreBluetooth.framework */,
				7AE88A4816FCF68F00389697 /* UIKit.framework */,
				7AE88A4A16FCF68F00389697 /* Foundation.framework */,
				7AE88A4C16FCF68F00389697 /* CoreGraphics.framework */,
			);
			name = Frameworks;
			sourceTree = "<group>";
		};
		7AE88A4E16FCF68F00389697 /* ClassProject */ = {
			isa = PBXGroup;
			children = (
				7AE88A5716FCF68F00389697 /* KSTAppDelegate.h */,
				7AE88A5816FCF68F00389697 /* KSTAppDelegate.m */,
				7AE88A6016FCF68F00389697 /* KSTViewController.h */,
				7AE88A6116FCF68F00389697 /* KSTViewController.m */,
				7AE88A6316FCF68F00389697 /* KSTViewController_iPhone.xib */,
				7AE88A6616FCF68F00389697 /* KSTViewController_iPad.xib */,
				7AE88A4F16FCF68F00389697 /* Supporting Files */,
			);
			path = ClassProject;
			sourceTree = "<group>";
		};
		7AE88A4F16FCF68F00389697 /* Supporting Files */ = {
			isa = PBXGroup;
			children = (
				7AE88A5016FCF68F00389697 /* ClassProject-Info.plist */,
				7AE88A5116FCF68F00389697 /* InfoPlist.strings */,
				7AE88A5416FCF68F00389697 /* main.m */,
				7AE88A5616FCF68F00389697 /* ClassProject-Prefix.pch */,
				7AE88A5A16FCF68F00389697 /* Default.png */,
				7AE88A5C16FCF68F00389697 /* Default@2x.png */,
				7AE88A5E16FCF68F00389697 /* Default-568h@2x.png */,
			);
			name = "Supporting Files";
			sourceTree = "<group>";
		};
/* End PBXGroup section */

/* Begin PBXNativeTarget section */
		7AE88A4416FCF68F00389697 /* ClassProject */ = {
			isa = PBXNativeTarget;
			buildConfigurationList = 7AE88A6B16FCF68F00389697 /* Build configuration list for PBXNativeTarget "ClassProject" */;
			buildPhases = (
				7AE88A4116FCF68F00389697 /* Sources */,
				7AE88A4216FCF68F00389697 /* Frameworks */,
				7AE88A4316FCF68F00389697 /* Resources */,
			);
			buildRules = (
			);
			dependencies = (
			);
			name = ClassProject;
			productName = ClassProject;
			productReference = 7AE88A4516FCF68F00389697 /* ClassProject.app */;
			productType = "com.apple.product-type.application";
		};
/* End PBXNativeTarget section */

/* Begin PBXProject section */
		7AE88A3D16FCF68F00389697 /* Project object */ = {
			isa = PBXProject;
			attributes = {
				CLASSPREFIX = KST;
				LastUpgradeCheck = 0460;
				ORGANIZATIONNAME = "Will Jackson";
			};
			buildConfigurationList = 7AE88A4016FCF68F00389697 /* Build configuration list for PBXProject "ClassProject" */;
			compatibilityVersion = "Xcode 3.2";
			developmentRegion = English;
			hasScannedForEncodings = 0;
			knownRegions = (
				en,
			);
			mainGroup = 7AE88A3C16FCF68F00389697;
			productRefGroup = 7AE88A4616FCF68F00389697 /* Products */;
			projectDirPath = "";
			projectRoot = "";
			targets = (
				7AE88A4416FCF68F00389697 /* ClassProject */,
			);
		};
/* End PBXProject section */

/* Begin PBXResourcesBuildPhase section */
		7AE88A4316FCF68F00389697 /* Resources */ = {
			isa = PBXResourcesBuildPhase;
			buildActionMask = 2147483647;
			files = (
				7AE88A5316FCF68F00389697 /* InfoPlist.strings in Resources */,
				7AE88A5B16FCF68F00389697 /* Default.png in Resources */,
				7AE88A5D16FCF68F00389697 /* Default@2x.png in Resources */,
				7AE88A5F16FCF68F00389697 /* Default-568h@2x.png in Resources */,
				7AE88A6516FCF68F00389697 /* KSTViewController_iPhone.xib in Resources */,
				7AE88A6816FCF68F00389697 /* KSTViewController_iPad.xib in Resources */,
			);
			runOnlyForDeploymentPostprocessing = 0;
		};
/* End PBXResourcesBuildPhase section */

/* Begin PBXSourcesBuildPhase section */
		7AE88A4116FCF68F00389697 /* Sources */ = {
			isa = PBXSourcesBuildPhase;
			buildActionMask = 2147483647;
			files = (
				7AE88A5516FCF68F00389697 /* main.m in Sources */,
				7AE88A5916FCF68F00389697 /* KSTAppDelegate.m in Sources */,
				7AE88A6216FCF68F00389697 /* KSTViewController.m in Sources */,
			);
			runOnlyForDeploymentPostprocessing = 0;
		};
/* End PBXSourcesBuildPhase section */

/* Begin PBXVariantGroup section */
		7AE88A5116FCF68F00389697 /* InfoPlist.strings */ = {
			isa = PBXVariantGroup;
			children = (
				7AE88A5216FCF68F00389697 /* en */,
			);
			name = InfoPlist.strings;
			sourceTree = "<group>";
		};
		7AE88A6316FCF68F00389697 /* KSTViewController_iPhone.xib */ = {
			isa = PBXVariantGroup;
			children = (
				7AE88A6416FCF68F00389697 /* en */,
			);
			name = KSTViewController_iPhone.xib;
			sourceTree = "<group>";
		};
		7AE88A6616FCF68F00389697 /* KSTViewController_iPad.xib */ = {
			isa = PBXVariantGroup;
			children = (
				7AE88A6716FCF68F00389697 /* en */,
			);
			name = KSTViewController_iPad.xib;
			sourceTree = "<group>";
		};
/* End PBXVariantGroup section */

/* Begin XCBuildConfiguration section */
		7AE88A6916FCF68F00389697 /* Debug */ = {
			isa = XCBuildConfiguration;
			buildSettings = {
				ALWAYS_SEARCH_USER_PATHS = NO;
				CLANG_CXX_LANGUAGE_STANDARD = "gnu++0x";
				CLANG_CXX_LIBRARY = "libc++";
				CLANG_ENABLE_OBJC_ARC = YES;
				CLANG_WARN_CONSTANT_CONVERSION = YES;
				CLANG_WARN_EMPTY_BODY = YES;
				CLANG_WARN_ENUM_CONVERSION = YES;
				CLANG_WARN_INT_CONVERSION = YES;
				CLANG_WARN__DUPLICATE_METHOD_MATCH = YES;
				"CODE_SIGN_IDENTITY[sdk=iphoneos*]" = "iPhone Developer";
				COPY_PHASE_STRIP = NO;
				GCC_C_LANGUAGE_STANDARD = gnu99;
				GCC_DYNAMIC_NO_PIC = NO;
				GCC_OPTIMIZATION_LEVEL = 0;
				GCC_PREPROCESSOR_DEFINITIONS = (
					"DEBUG=1",
					"$(inherited)",
				);
				GCC_SYMBOLS_PRIVATE_EXTERN = NO;
				GCC_WARN_ABOUT_RETURN_TYPE = YES;
				GCC_WARN_UNINITIALIZED_AUTOS = YES;
				GCC_WARN_UNUSED_VARIABLE = YES;
				IPHONEOS_DEPLOYMENT_TARGET = 6.1;
				ONLY_ACTIVE_ARCH = YES;
				SDKROOT = iphoneos;
				TARGETED_DEVICE_FAMILY = "1,2";
			};
			name = Debug;
		};
		7AE88A6A16FCF68F00389697 /* Release */ = {
			isa = XCBuildConfiguration;
			buildSettings = {
				ALWAYS_SEARCH_USER_PATHS = NO;
				CLANG_CXX_LANGUAGE_STANDARD = "gnu++0x";
				CLANG_CXX_LIBRARY = "libc++";
				CLANG_ENABLE_OBJC_ARC = YES;
				CLANG_WARN_CONSTANT_CONVERSION = YES;
				CLANG_WARN_EMPTY_BODY = YES;
				CLANG_WARN_ENUM_CONVERSION = YES;
				CLANG_WARN_INT_CONVERSION = YES;
				CLANG_WARN__DUPLICATE_METHOD_MATCH = YES;
				"CODE_SIGN_IDENTITY[sdk=iphoneos*]" = "iPhone Developer";
				COPY_PHASE_STRIP = YES;
				GCC_C_LANGUAGE_STANDARD = gnu99;
				GCC_WARN_ABOUT_RETURN_TYPE = YES;
				GCC_WARN_UNINITIALIZED_AUTOS = YES;
				GCC_WARN_UNUSED_VARIABLE = YES;
				IPHONEOS_DEPLOYMENT_TARGET = 6.1;
				OTHER_CFLAGS = "-DNS_BLOCK_ASSERTIONS=1";
				SDKROOT = iphoneos;
				TARGETED_DEVICE_FAMILY = "1,2";
				VALIDATE_PRODUCT = YES;
			};
			name = Release;
		};
		7AE88A6C16FCF68F00389697 /* Debug */ = {
			isa = XCBuildConfiguration;
			buildSettings = {
				GCC_PRECOMPILE_PREFIX_HEADER = YES;
				GCC_PREFIX_HEADER = "ClassProject/ClassProject-Prefix.pch";
				INFOPLIST_FILE = "ClassProject/ClassProject-Info.plist";
				IPHONEOS_DEPLOYMENT_TARGET = 6.0;
				PRODUCT_NAME = "$(TARGET_NAME)";
				TARGETED_DEVICE_FAMILY = 1;
				WRAPPER_EXTENSION = app;
			};
			name = Debug;
		};
		7AE88A6D16FCF68F00389697 /* Release */ = {
			isa = XCBuildConfiguration;
			buildSettings = {
				GCC_PRECOMPILE_PREFIX_HEADER = YES;
				GCC_PREFIX_HEADER = "ClassProject/ClassProject-Prefix.pch";
				INFOPLIST_FILE = "ClassProject/ClassProject-Info.plist";
				IPHONEOS_DEPLOYMENT_TARGET = 6.0;
				PRODUCT_NAME = "$(TARGET_NAME)";
				TARGETED_DEVICE_FAMILY = 1;
				WRAPPER_EXTENSION = app;
			};
			name = Release;
		};
/* End XCBuildConfiguration section */

/* Begin XCConfigurationList section */
		7AE88A4016FCF68F00389697 /* Build configuration list for PBXProject "ClassProject" */ = {
			isa = XCConfigurationList;
			buildConfigurations = (
				7AE88A6916FCF68F00389697 /* Debug */,
				7AE88A6A16FCF68F00389697 /* Release */,
			);
			defaultConfigurationIsVisible = 0;
			defaultConfigurationName = Release;
		};
		7AE88A6B16FCF68F00389697 /* Build configuration list for PBXNativeTarget "ClassProject" */ = {
			isa = XCConfigurationList;
			buildConfigurations = (
				7AE88A6C16FCF68F00389697 /* Debug */,
				7AE88A6D16FCF68F00389697 /* Release */,
			);
			defaultConfigurationIsVisible = 0;
			defaultConfigurationName = Release;
		};
/* End XCConfigurationList section */
	};
	rootObject = 7AE88A3D16FCF68F00389697 /* Project object */;
}
